
Microsoft Visual Studio Solution File, Format Version 12.00
# Visual Studio Version 17
VisualStudioVersion = 17.6.33815.320
MinimumVisualStudioVersion = 10.0.40219.1
Project("{FAE04EC0-301F-11D3-BF4B-00C04F79EFBC}") = "SecurityApplications", "SecurityApplications\SecurityApplications.csproj", "{D213D7F1-B221-4E5F-8E11-9314AA34CE85}"
EndProject
Global
	GlobalSection(SolutionConfigurationPlatforms) = preSolution
		Debug|Any CPU = Debug|Any CPU
		Release|Any CPU = Release|Any CPU
	EndGlobalSection
	GlobalSection(ProjectConfigurationPlatforms) = postSolution
		{D213D7F1-B221-4E5F-8E11-9314AA34CE85}.Debug|Any CPU.ActiveCfg = Debug|Any CPU
		{D213D7F1-B221-4E5F-8E11-9314AA34CE85}.Debug|Any CPU.Build.0 = Debug|Any CPU
		{D213D7F1-B221-4E5F-8E11-9314AA34CE85}.Release|Any CPU.ActiveCfg = Release|Any CPU
		{D213D7F1-B221-4E5F-8E11-9314AA34CE85}.Release|Any CPU.Build.0 = Release|Any CPU
	EndGlobalSection
	GlobalSection(SolutionProperties) = preSolution
		HideSolutionNode = FALSE
	EndGlobalSection
	GlobalSection(ExtensibilityGlobals) = postSolution
		SolutionGuid = {AEB56F92-D8AF-44B8-BBA8-307A29FC59C7}
	EndGlobalSection
EndGlobal
